
Microsoft Visual Studio Solution File, Format Version 9.00
# Visual Studio 2005
Project("{FAE04EC0-301F-11D3-BF4B-00C04F79EFBC}") = "KHR-1HV-Server", "KHR-1HV-Server\KHR-1HV-Server.csproj", "{078E69B8-34D1-4B6D-8272-F4387CCDA494}"
EndProject
Project("{FAE04EC0-301F-11D3-BF4B-00C04F79EFBC}") = "RoBoIO_DotNet", "..\RoBoIO_DotNet\RoBoIO_DotNet.csproj", "{6EEE5751-4749-4141-9A24-21C290B6D21A}"
EndProject
Global
	GlobalSection(SolutionConfigurationPlatforms) = preSolution
		Debug|Any CPU = Debug|Any CPU
		Release|Any CPU = Release|Any CPU
	EndGlobalSection
	GlobalSection(ProjectConfigurationPlatforms) = postSolution
		{078E69B8-34D1-4B6D-8272-F4387CCDA494}.Debug|Any CPU.ActiveCfg = Debug|Any CPU
		{078E69B8-34D1-4B6D-8272-F4387CCDA494}.Debug|Any CPU.Build.0 = Debug|Any CPU
		{078E69B8-34D1-4B6D-8272-F4387CCDA494}.Release|Any CPU.ActiveCfg = Release|Any CPU
		{078E69B8-34D1-4B6D-8272-F4387CCDA494}.Release|Any CPU.Build.0 = Release|Any CPU
		{6EEE5751-4749-4141-9A24-21C290B6D21A}.Debug|Any CPU.ActiveCfg = Release|Any CPU
		{6EEE5751-4749-4141-9A24-21C290B6D21A}.Debug|Any CPU.Build.0 = Release|Any CPU
		{6EEE5751-4749-4141-9A24-21C290B6D21A}.Release|Any CPU.ActiveCfg = Release|Any CPU
		{6EEE5751-4749-4141-9A24-21C290B6D21A}.Release|Any CPU.Build.0 = Release|Any CPU
	EndGlobalSection
	GlobalSection(SolutionProperties) = preSolution
		HideSolutionNode = FALSE
	EndGlobalSection
EndGlobal
